
Microsoft Visual Studio Solution File, Format Version 12.00
# Visual Studio Version 16
VisualStudioVersion = 16.0.29806.167
MinimumVisualStudioVersion = 10.0.40219.1
Project("{FAE04EC0-301F-11D3-BF4B-00C04F79EFBC}") = "Jogo da memoria", "Jogo da memoria.csproj", "{CCD1AC88-7853-4FD3-9F86-DAD82DBD987B}"
EndProject
Global
	GlobalSection(SolutionConfigurationPlatforms) = preSolution
		Debug|Any CPU = Debug|Any CPU
		Release|Any CPU = Release|Any CPU
	EndGlobalSection
	GlobalSection(ProjectConfigurationPlatforms) = postSolution
		{CCD1AC88-7853-4FD3-9F86-DAD82DBD987B}.Debug|Any CPU.ActiveCfg = Debug|Any CPU
		{CCD1AC88-7853-4FD3-9F86-DAD82DBD987B}.Debug|Any CPU.Build.0 = Debug|Any CPU
		{CCD1AC88-7853-4FD3-9F86-DAD82DBD987B}.Release|Any CPU.ActiveCfg = Release|Any CPU
		{CCD1AC88-7853-4FD3-9F86-DAD82DBD987B}.Release|Any CPU.Build.0 = Release|Any CPU
	EndGlobalSection
	GlobalSection(SolutionProperties) = preSolution
		HideSolutionNode = FALSE
	EndGlobalSection
	GlobalSection(ExtensibilityGlobals) = postSolution
		SolutionGuid = {EBA9D4B1-BB63-4F34-82DA-CF94E884B31B}
	EndGlobalSection
EndGlobal
